
Microsoft Visual Studio Solution File, Format Version 12.00
# Visual Studio 15
VisualStudioVersion = 15.0.27004.2005
MinimumVisualStudioVersion = 10.0.40219.1
Project("{FAE04EC0-301F-11D3-BF4B-00C04F79EFBC}") = "AntiMwSdk.Core", "AntiMwSdk.Core\AntiMwSdk.Core.csproj", "{CC0DA792-103B-4653-8A74-7397DFE44490}"
EndProject
Project("{FAE04EC0-301F-11D3-BF4B-00C04F79EFBC}") = "AntiMwSdk.Cli", "AntiMwSdk.Cli\AntiMwSdk.Cli.csproj", "{3DF221D5-EC35-42BE-9EFA-AB3F0CF183DE}"
EndProject
Global
	GlobalSection(SolutionConfigurationPlatforms) = preSolution
		Debug|Any CPU = Debug|Any CPU
		Release|Any CPU = Release|Any CPU
	EndGlobalSection
	GlobalSection(ProjectConfigurationPlatforms) = postSolution
		{CC0DA792-103B-4653-8A74-7397DFE44490}.Debug|Any CPU.ActiveCfg = Debug|Any CPU
		{CC0DA792-103B-4653-8A74-7397DFE44490}.Debug|Any CPU.Build.0 = Debug|Any CPU
		{CC0DA792-103B-4653-8A74-7397DFE44490}.Release|Any CPU.ActiveCfg = Release|Any CPU
		{CC0DA792-103B-4653-8A74-7397DFE44490}.Release|Any CPU.Build.0 = Release|Any CPU
		{3DF221D5-EC35-42BE-9EFA-AB3F0CF183DE}.Debug|Any CPU.ActiveCfg = Debug|Any CPU
		{3DF221D5-EC35-42BE-9EFA-AB3F0CF183DE}.Debug|Any CPU.Build.0 = Debug|Any CPU
		{3DF221D5-EC35-42BE-9EFA-AB3F0CF183DE}.Release|Any CPU.ActiveCfg = Release|Any CPU
		{3DF221D5-EC35-42BE-9EFA-AB3F0CF183DE}.Release|Any CPU.Build.0 = Release|Any CPU
	EndGlobalSection
	GlobalSection(SolutionProperties) = preSolution
		HideSolutionNode = FALSE
	EndGlobalSection
	GlobalSection(ExtensibilityGlobals) = postSolution
		SolutionGuid = {2335F77C-FB19-44B3-B42E-3D768B1657DE}
	EndGlobalSection
EndGlobal
